
Microsoft Visual Studio Solution File, Format Version 11.00
# Visual Studio 2010
Project("{FAE04EC0-301F-11D3-BF4B-00C04F79EFBC}") = "Cayita.Tools", "Cayita.Tools\Cayita.Tools.csproj", "{191D211E-0F7E-4A71-A1FB-3AA9B6E8C01F}"
EndProject
Project("{FAE04EC0-301F-11D3-BF4B-00C04F79EFBC}") = "CreateAuthTables", "CreateAuthTables\CreateAuthTables.csproj", "{8F6FFEF2-A98F-40B3-934B-FEB3D67E3A25}"
EndProject
Global
	GlobalSection(SolutionConfigurationPlatforms) = preSolution
		Debug|Any CPU = Debug|Any CPU
		Release|Any CPU = Release|Any CPU
	EndGlobalSection
	GlobalSection(ProjectConfigurationPlatforms) = postSolution
		{191D211E-0F7E-4A71-A1FB-3AA9B6E8C01F}.Debug|Any CPU.ActiveCfg = Debug|Any CPU
		{191D211E-0F7E-4A71-A1FB-3AA9B6E8C01F}.Debug|Any CPU.Build.0 = Debug|Any CPU
		{191D211E-0F7E-4A71-A1FB-3AA9B6E8C01F}.Release|Any CPU.ActiveCfg = Release|Any CPU
		{191D211E-0F7E-4A71-A1FB-3AA9B6E8C01F}.Release|Any CPU.Build.0 = Release|Any CPU
		{8F6FFEF2-A98F-40B3-934B-FEB3D67E3A25}.Debug|Any CPU.ActiveCfg = Debug|Any CPU
		{8F6FFEF2-A98F-40B3-934B-FEB3D67E3A25}.Debug|Any CPU.Build.0 = Debug|Any CPU
		{8F6FFEF2-A98F-40B3-934B-FEB3D67E3A25}.Release|Any CPU.ActiveCfg = Release|Any CPU
		{8F6FFEF2-A98F-40B3-934B-FEB3D67E3A25}.Release|Any CPU.Build.0 = Release|Any CPU
	EndGlobalSection
	GlobalSection(MonoDevelopProperties) = preSolution
		StartupItem = Cayita.Tools\Cayita.Tools.csproj
	EndGlobalSection
EndGlobal
